// !$*UTF8*$!
{
	archiveVersion = 1;
	classes = {
	};
	objectVersion = 46;
	objects = {

/* Begin PBXBuildFile section */
		56EB712E1E9A5C5400BA1A8C /* LaunchScreen.storyboard in Resources */ = {isa = PBXBuildFile; fileRef = 56EB712C1E9A5C5400BA1A8C /* LaunchScreen.storyboard */; };
		56EB71371E9A5F6900BA1A8C /* AppDelegate.swift in Sources */ = {isa = PBXBuildFile; fileRef = 56EB71361E9A5F6900BA1A8C /* AppDelegate.swift */; };
		56EB713A1E9A5F7800BA1A8C /* Main.storyboard in Resources */ = {isa = PBXBuildFile; fileRef = 56EB71381E9A5F7800BA1A8C /* Main.storyboard */; };
		56EB713B1E9A5F7800BA1A8C /* SignUp.storyboard in Resources */ = {isa = PBXBuildFile; fileRef = 56EB71391E9A5F7800BA1A8C /* SignUp.storyboard */; };
		56EB71411E9A5FC800BA1A8C /* SlimLogger.swift in Sources */ = {isa = PBXBuildFile; fileRef = 56EB713D1E9A5FC800BA1A8C /* SlimLogger.swift */; };
		56EB71421E9A5FC800BA1A8C /* SlimLoggerConfig.swift in Sources */ = {isa = PBXBuildFile; fileRef = 56EB713E1E9A5FC800BA1A8C /* SlimLoggerConfig.swift */; };
		56EB71431E9A5FC800BA1A8C /* SlimLogglyDestination.swift in Sources */ = {isa = PBXBuildFile; fileRef = 56EB713F1E9A5FC800BA1A8C /* SlimLogglyDestination.swift */; };
		56EB71441E9A5FC800BA1A8C /* SlimLogglyDestinationConfig.swift in Sources */ = {isa = PBXBuildFile; fileRef = 56EB71401E9A5FC800BA1A8C /* SlimLogglyDestinationConfig.swift */; };
		56EB71461E9A621E00BA1A8C /* Assets.xcassets in Resources */ = {isa = PBXBuildFile; fileRef = 56EB71451E9A621E00BA1A8C /* Assets.xcassets */; };
		56EB71481E9A622E00BA1A8C /* Constants.swift in Sources */ = {isa = PBXBuildFile; fileRef = 56EB71471E9A622E00BA1A8C /* Constants.swift */; };
		56EB714A1E9A624000BA1A8C /* iTunesArtwork in Resources */ = {isa = PBXBuildFile; fileRef = 56EB71491E9A624000BA1A8C /* iTunesArtwork */; };
		56EB714C1E9A624E00BA1A8C /* BezPaketov.ttf in Resources */ = {isa = PBXBuildFile; fileRef = 56EB714B1E9A624E00BA1A8C /* BezPaketov.ttf */; };
		56EB714F1E9A626D00BA1A8C /* NetworkReachabilityManager.swift in Sources */ = {isa = PBXBuildFile; fileRef = 56EB714D1E9A626D00BA1A8C /* NetworkReachabilityManager.swift */; };
		56EB71501E9A626D00BA1A8C /* ProgressHUD.swift in Sources */ = {isa = PBXBuildFile; fileRef = 56EB714E1E9A626D00BA1A8C /* ProgressHUD.swift */; };
		56EB715A1E9A63B800BA1A8C /* GoogleService-Info.plist in Resources */ = {isa = PBXBuildFile; fileRef = 56EB71591E9A63B800BA1A8C /* GoogleService-Info.plist */; };
		56EB71691E9A654600BA1A8C /* APIRequest.swift in Sources */ = {isa = PBXBuildFile; fileRef = 56EB715C1E9A654600BA1A8C /* APIRequest.swift */; };
		56EB716A1E9A654600BA1A8C /* BezierPath+Ext.swift in Sources */ = {isa = PBXBuildFile; fileRef = 56EB715D1E9A654600BA1A8C /* BezierPath+Ext.swift */; };
		56EB716B1E9A654600BA1A8C /* Dispatch.swift in Sources */ = {isa = PBXBuildFile; fileRef = 56EB715E1E9A654600BA1A8C /* Dispatch.swift */; };
		56EB716C1E9A654600BA1A8C /* GenericCollections+Ext.swift in Sources */ = {isa = PBXBuildFile; fileRef = 56EB715F1E9A654600BA1A8C /* GenericCollections+Ext.swift */; };
		56EB716D1E9A654600BA1A8C /* Keyboard.swift in Sources */ = {isa = PBXBuildFile; fileRef = 56EB71601E9A654600BA1A8C /* Keyboard.swift */; };
		56EB716E1E9A654600BA1A8C /* LayoutPrioritazer.swift in Sources */ = {isa = PBXBuildFile; fileRef = 56EB71611E9A654600BA1A8C /* LayoutPrioritazer.swift */; };
		56EB716F1E9A654600BA1A8C /* Logger.swift in Sources */ = {isa = PBXBuildFile; fileRef = 56EB71621E9A654600BA1A8C /* Logger.swift */; };
		56EB71701E9A654600BA1A8C /* Notifier.swift in Sources */ = {isa = PBXBuildFile; fileRef = 56EB71631E9A654600BA1A8C /* Notifier.swift */; };
		56EB71711E9A654600BA1A8C /* Storyboard+Ext.swift in Sources */ = {isa = PBXBuildFile; fileRef = 56EB71641E9A654600BA1A8C /* Storyboard+Ext.swift */; };
		56EB71721E9A654600BA1A8C /* String+Ext.swift in Sources */ = {isa = PBXBuildFile; fileRef = 56EB71651E9A654600BA1A8C /* String+Ext.swift */; };
		56EB71731E9A654600BA1A8C /* UIAlertController+Ext.swift in Sources */ = {isa = PBXBuildFile; fileRef = 56EB71661E9A654600BA1A8C /* UIAlertController+Ext.swift */; };
		56EB71741E9A654600BA1A8C /* UIColor+Ext.swift in Sources */ = {isa = PBXBuildFile; fileRef = 56EB71671E9A654600BA1A8C /* UIColor+Ext.swift */; };
		56EB71751E9A654600BA1A8C /* View+Ext.swift in Sources */ = {isa = PBXBuildFile; fileRef = 56EB71681E9A654600BA1A8C /* View+Ext.swift */; };
		56EB717C1E9A658000BA1A8C /* Button.swift in Sources */ = {isa = PBXBuildFile; fileRef = 56EB71771E9A658000BA1A8C /* Button.swift */; };
		56EB717D1E9A658000BA1A8C /* ConfirmView.swift in Sources */ = {isa = PBXBuildFile; fileRef = 56EB71781E9A658000BA1A8C /* ConfirmView.swift */; };
		56EB717E1E9A658000BA1A8C /* Label.swift in Sources */ = {isa = PBXBuildFile; fileRef = 56EB71791E9A658000BA1A8C /* Label.swift */; };
		56EB717F1E9A658000BA1A8C /* SegmentControl.swift in Sources */ = {isa = PBXBuildFile; fileRef = 56EB717A1E9A658000BA1A8C /* SegmentControl.swift */; };
		56EB71801E9A658000BA1A8C /* TextField.swift in Sources */ = {isa = PBXBuildFile; fileRef = 56EB717B1E9A658000BA1A8C /* TextField.swift */; };
		56EB71871E9A65A700BA1A8C /* Category.swift in Sources */ = {isa = PBXBuildFile; fileRef = 56EB71821E9A65A700BA1A8C /* Category.swift */; };
		56EB71881E9A65A700BA1A8C /* InfoAboutUserForOrder.swift in Sources */ = {isa = PBXBuildFile; fileRef = 56EB71831E9A65A700BA1A8C /* InfoAboutUserForOrder.swift */; };
		56EB71891E9A65A700BA1A8C /* Product.swift in Sources */ = {isa = PBXBuildFile; fileRef = 56EB71841E9A65A700BA1A8C /* Product.swift */; };
		56EB718A1E9A65A700BA1A8C /* ProductsForRealm.swift in Sources */ = {isa = PBXBuildFile; fileRef = 56EB71851E9A65A700BA1A8C /* ProductsForRealm.swift */; };
		56EB718B1E9A65A700BA1A8C /* User.swift in Sources */ = {isa = PBXBuildFile; fileRef = 56EB71861E9A65A700BA1A8C /* User.swift */; };
		56EB71AC1E9A687600BA1A8C /* BaseLoginViewController.swift in Sources */ = {isa = PBXBuildFile; fileRef = 56EB71AA1E9A687600BA1A8C /* BaseLoginViewController.swift */; };
		56EB71AD1E9A687600BA1A8C /* BaseViewController.swift in Sources */ = {isa = PBXBuildFile; fileRef = 56EB71AB1E9A687600BA1A8C /* BaseViewController.swift */; };
		56EB71B11E9A68C200BA1A8C /* BasketAfterPaymentViewController.swift in Sources */ = {isa = PBXBuildFile; fileRef = 56EB71AF1E9A68C200BA1A8C /* BasketAfterPaymentViewController.swift */; };
		56EB71B21E9A68C200BA1A8C /* BasketViewController.swift in Sources */ = {isa = PBXBuildFile; fileRef = 56EB71B01E9A68C200BA1A8C /* BasketViewController.swift */; };
		56EB71B61E9A68DE00BA1A8C /* CategoryTableViewCell.swift in Sources */ = {isa = PBXBuildFile; fileRef = 56EB71B41E9A68DE00BA1A8C /* CategoryTableViewCell.swift */; };
		56EB71B71E9A68DE00BA1A8C /* CategoryViewController.swift in Sources */ = {isa = PBXBuildFile; fileRef = 56EB71B51E9A68DE00BA1A8C /* CategoryViewController.swift */; };
		56EB71BA1E9A68F300BA1A8C /* CheckViewController.swift in Sources */ = {isa = PBXBuildFile; fileRef = 56EB71B91E9A68F300BA1A8C /* CheckViewController.swift */; };
		56EB71BD1E9A690B00BA1A8C /* DetailsProductViewController.swift in Sources */ = {isa = PBXBuildFile; fileRef = 56EB71BC1E9A690B00BA1A8C /* DetailsProductViewController.swift */; };
		56EB71C01E9A692000BA1A8C /* DrawingUpOfAnOrderViewController.swift in Sources */ = {isa = PBXBuildFile; fileRef = 56EB71BF1E9A692000BA1A8C /* DrawingUpOfAnOrderViewController.swift */; };
		56EB71C31E9A693C00BA1A8C /* FavoriteProductsViewController.swift in Sources */ = {isa = PBXBuildFile; fileRef = 56EB71C21E9A693C00BA1A8C /* FavoriteProductsViewController.swift */; };
		56EB71C71E9A696100BA1A8C /* ListOfProductsByWeightTableViewCell.swift in Sources */ = {isa = PBXBuildFile; fileRef = 56EB71C51E9A696100BA1A8C /* ListOfProductsByWeightTableViewCell.swift */; };
		56EB71C81E9A696100BA1A8C /* ListOfProductsByWeightViewController.swift in Sources */ = {isa = PBXBuildFile; fileRef = 56EB71C61E9A696100BA1A8C /* ListOfProductsByWeightViewController.swift */; };
		56EB71CD1E9A697800BA1A8C /* ContainerViewCntroller.swift in Sources */ = {isa = PBXBuildFile; fileRef = 56EB71CA1E9A697800BA1A8C /* ContainerViewCntroller.swift */; };
		56EB71CE1E9A697800BA1A8C /* MainTableViewCell.swift in Sources */ = {isa = PBXBuildFile; fileRef = 56EB71CB1E9A697800BA1A8C /* MainTableViewCell.swift */; };
		56EB71CF1E9A697800BA1A8C /* MainViewController.swift in Sources */ = {isa = PBXBuildFile; fileRef = 56EB71CC1E9A697800BA1A8C /* MainViewController.swift */; };
		56EB71D21E9A699600BA1A8C /* PaymentViewController.swift in Sources */ = {isa = PBXBuildFile; fileRef = 56EB71D11E9A699600BA1A8C /* PaymentViewController.swift */; };
		56EB71D51E9A69B200BA1A8C /* SearchViewController.swift in Sources */ = {isa = PBXBuildFile; fileRef = 56EB71D41E9A69B200BA1A8C /* SearchViewController.swift */; };
		56EB71D91E9A69CE00BA1A8C /* WeightCollectionViewCell.swift in Sources */ = {isa = PBXBuildFile; fileRef = 56EB71D71E9A69CE00BA1A8C /* WeightCollectionViewCell.swift */; };
		56EB71DA1E9A69CE00BA1A8C /* WeightViewController.swift in Sources */ = {isa = PBXBuildFile; fileRef = 56EB71D81E9A69CE00BA1A8C /* WeightViewController.swift */; };
		A641E0708A9E9E978CDC7384 /* Pods_BezPaketov.framework in Frameworks */ = {isa = PBXBuildFile; fileRef = 5A1DC0844F1F6130ADD6317B /* Pods_BezPaketov.framework */; };
/* End PBXBuildFile section */

/* Begin PBXFileReference section */
		4B90176B5D9D008A0039DAF5 /* Pods-BezPaketov.release.xcconfig */ = {isa = PBXFileReference; includeInIndex = 1; lastKnownFileType = text.xcconfig; name = "Pods-BezPaketov.release.xcconfig"; path = "Pods/Target Support Files/Pods-BezPaketov/Pods-BezPaketov.release.xcconfig"; sourceTree = "<group>"; };
		56EB71201E9A5C5400BA1A8C /* BezPaketov.app */ = {isa = PBXFileReference; explicitFileType = wrapper.application; includeInIndex = 0; path = BezPaketov.app; sourceTree = BUILT_PRODUCTS_DIR; };
		56EB712D1E9A5C5400BA1A8C /* Base */ = {isa = PBXFileReference; lastKnownFileType = file.storyboard; name = Base; path = Base.lproj/LaunchScreen.storyboard; sourceTree = "<group>"; };
		56EB712F1E9A5C5400BA1A8C /* Info.plist */ = {isa = PBXFileReference; lastKnownFileType = text.plist.xml; path = Info.plist; sourceTree = "<group>"; };
		56EB71351E9A5F6800BA1A8C /* BezPaketov-Bridging-Header.h */ = {isa = PBXFileReference; lastKnownFileType = sourcecode.c.h; path = "BezPaketov-Bridging-Header.h"; sourceTree = "<group>"; };
		56EB71361E9A5F6900BA1A8C /* AppDelegate.swift */ = {isa = PBXFileReference; fileEncoding = 4; lastKnownFileType = sourcecode.swift; path = AppDelegate.swift; sourceTree = "<group>"; };
		56EB71381E9A5F7800BA1A8C /* Main.storyboard */ = {isa = PBXFileReference; fileEncoding = 4; lastKnownFileType = file.storyboard; path = Main.storyboard; sourceTree = "<group>"; };
		56EB71391E9A5F7800BA1A8C /* SignUp.storyboard */ = {isa = PBXFileReference; fileEncoding = 4; lastKnownFileType = file.storyboard; path = SignUp.storyboard; sourceTree = "<group>"; };
		56EB713D1E9A5FC800BA1A8C /* SlimLogger.swift */ = {isa = PBXFileReference; fileEncoding = 4; lastKnownFileType = sourcecode.swift; path = SlimLogger.swift; sourceTree = "<group>"; };
		56EB713E1E9A5FC800BA1A8C /* SlimLoggerConfig.swift */ = {isa = PBXFileReference; fileEncoding = 4; lastKnownFileType = sourcecode.swift; path = SlimLoggerConfig.swift; sourceTree = "<group>"; };
		56EB713F1E9A5FC800BA1A8C /* SlimLogglyDestination.swift */ = {isa = PBXFileReference; fileEncoding = 4; lastKnownFileType = sourcecode.swift; path = SlimLogglyDestination.swift; sourceTree = "<group>"; };
		56EB71401E9A5FC800BA1A8C /* SlimLogglyDestinationConfig.swift */ = {isa = PBXFileReference; fileEncoding = 4; lastKnownFileType = sourcecode.swift; path = SlimLogglyDestinationConfig.swift; sourceTree = "<group>"; };
		56EB71451E9A621E00BA1A8C /* Assets.xcassets */ = {isa = PBXFileReference; lastKnownFileType = folder.assetcatalog; path = Assets.xcassets; sourceTree = "<group>"; };
		56EB71471E9A622E00BA1A8C /* Constants.swift */ = {isa = PBXFileReference; fileEncoding = 4; lastKnownFileType = sourcecode.swift; path = Constants.swift; sourceTree = "<group>"; };
		56EB71491E9A624000BA1A8C /* iTunesArtwork */ = {isa = PBXFileReference; lastKnownFileType = file; path = iTunesArtwork; sourceTree = "<group>"; };
		56EB714B1E9A624E00BA1A8C /* BezPaketov.ttf */ = {isa = PBXFileReference; lastKnownFileType = file; path = BezPaketov.ttf; sourceTree = "<group>"; };
		56EB714D1E9A626D00BA1A8C /* NetworkReachabilityManager.swift */ = {isa = PBXFileReference; fileEncoding = 4; lastKnownFileType = sourcecode.swift; path = NetworkReachabilityManager.swift; sourceTree = "<group>"; };
		56EB714E1E9A626D00BA1A8C /* ProgressHUD.swift */ = {isa = PBXFileReference; fileEncoding = 4; lastKnownFileType = sourcecode.swift; path = ProgressHUD.swift; sourceTree = "<group>"; };
		56EB71591E9A63B800BA1A8C /* GoogleService-Info.plist */ = {isa = PBXFileReference; fileEncoding = 4; lastKnownFileType = text.plist.xml; path = "GoogleService-Info.plist"; sourceTree = "<group>"; };
		56EB715C1E9A654600BA1A8C /* APIRequest.swift */ = {isa = PBXFileReference; fileEncoding = 4; lastKnownFileType = sourcecode.swift; path = APIRequest.swift; sourceTree = "<group>"; };
		56EB715D1E9A654600BA1A8C /* BezierPath+Ext.swift */ = {isa = PBXFileReference; fileEncoding = 4; lastKnownFileType = sourcecode.swift; path = "BezierPath+Ext.swift"; sourceTree = "<group>"; };
		56EB715E1E9A654600BA1A8C /* Dispatch.swift */ = {isa = PBXFileReference; fileEncoding = 4; lastKnownFileType = sourcecode.swift; path = Dispatch.swift; sourceTree = "<group>"; };
		56EB715F1E9A654600BA1A8C /* GenericCollections+Ext.swift */ = {isa = PBXFileReference; fileEncoding = 4; lastKnownFileType = sourcecode.swift; path = "GenericCollections+Ext.swift"; sourceTree = "<group>"; };
		56EB71601E9A654600BA1A8C /* Keyboard.swift */ = {isa = PBXFileReference; fileEncoding = 4; lastKnownFileType = sourcecode.swift; path = Keyboard.swift; sourceTree = "<group>"; };
		56EB71611E9A654600BA1A8C /* LayoutPrioritazer.swift */ = {isa = PBXFileReference; fileEncoding = 4; lastKnownFileType = sourcecode.swift; path = LayoutPrioritazer.swift; sourceTree = "<group>"; };
		56EB71621E9A654600BA1A8C /* Logger.swift */ = {isa = PBXFileReference; fileEncoding = 4; lastKnownFileType = sourcecode.swift; path = Logger.swift; sourceTree = "<group>"; };
		56EB71631E9A654600BA1A8C /* Notifier.swift */ = {isa = PBXFileReference; fileEncoding = 4; lastKnownFileType = sourcecode.swift; path = Notifier.swift; sourceTree = "<group>"; };
		56EB71641E9A654600BA1A8C /* Storyboard+Ext.swift */ = {isa = PBXFileReference; fileEncoding = 4; lastKnownFileType = sourcecode.swift; path = "Storyboard+Ext.swift"; sourceTree = "<group>"; };
		56EB71651E9A654600BA1A8C /* String+Ext.swift */ = {isa = PBXFileReference; fileEncoding = 4; lastKnownFileType = sourcecode.swift; path = "String+Ext.swift"; sourceTree = "<group>"; };
		56EB71661E9A654600BA1A8C /* UIAlertController+Ext.swift */ = {isa = PBXFileReference; fileEncoding = 4; lastKnownFileType = sourcecode.swift; path = "UIAlertController+Ext.swift"; sourceTree = "<group>"; };
		56EB71671E9A654600BA1A8C /* UIColor+Ext.swift */ = {isa = PBXFileReference; fileEncoding = 4; lastKnownFileType = sourcecode.swift; path = "UIColor+Ext.swift"; sourceTree = "<group>"; };
		56EB71681E9A654600BA1A8C /* View+Ext.swift */ = {isa = PBXFileReference; fileEncoding = 4; lastKnownFileType = sourcecode.swift; path = "View+Ext.swift"; sourceTree = "<group>"; };
		56EB71771E9A658000BA1A8C /* Button.swift */ = {isa = PBXFileReference; fileEncoding = 4; lastKnownFileType = sourcecode.swift; path = Button.swift; sourceTree = "<group>"; };
		56EB71781E9A658000BA1A8C /* ConfirmView.swift */ = {isa = PBXFileReference; fileEncoding = 4; lastKnownFileType = sourcecode.swift; path = ConfirmView.swift; sourceTree = "<group>"; };
		56EB71791E9A658000BA1A8C /* Label.swift */ = {isa = PBXFileReference; fileEncoding = 4; lastKnownFileType = sourcecode.swift; path = Label.swift; sourceTree = "<group>"; };
		56EB717A1E9A658000BA1A8C /* SegmentControl.swift */ = {isa = PBXFileReference; fileEncoding = 4; lastKnownFileType = sourcecode.swift; path = SegmentControl.swift; sourceTree = "<group>"; };
		56EB717B1E9A658000BA1A8C /* TextField.swift */ = {isa = PBXFileReference; fileEncoding = 4; lastKnownFileType = sourcecode.swift; path = TextField.swift; sourceTree = "<group>"; };
		56EB71821E9A65A700BA1A8C /* Category.swift */ = {isa = PBXFileReference; fileEncoding = 4; lastKnownFileType = sourcecode.swift; path = Category.swift; sourceTree = "<group>"; };
		56EB71831E9A65A700BA1A8C /* InfoAboutUserForOrder.swift */ = {isa = PBXFileReference; fileEncoding = 4; lastKnownFileType = sourcecode.swift; path = InfoAboutUserForOrder.swift; sourceTree = "<group>"; };
		56EB71841E9A65A700BA1A8C /* Product.swift */ = {isa = PBXFileReference; fileEncoding = 4; lastKnownFileType = sourcecode.swift; path = Product.swift; sourceTree = "<group>"; };
		56EB71851E9A65A700BA1A8C /* ProductsForRealm.swift */ = {isa = PBXFileReference; fileEncoding = 4; lastKnownFileType = sourcecode.swift; path = ProductsForRealm.swift; sourceTree = "<group>"; };
		56EB71861E9A65A700BA1A8C /* User.swift */ = {isa = PBXFileReference; fileEncoding = 4; lastKnownFileType = sourcecode.swift; path = User.swift; sourceTree = "<group>"; };
		56EB71AA1E9A687600BA1A8C /* BaseLoginViewController.swift */ = {isa = PBXFileReference; fileEncoding = 4; lastKnownFileType = sourcecode.swift; path = BaseLoginViewController.swift; sourceTree = "<group>"; };
		56EB71AB1E9A687600BA1A8C /* BaseViewController.swift */ = {isa = PBXFileReference; fileEncoding = 4; lastKnownFileType = sourcecode.swift; path = BaseViewController.swift; sourceTree = "<group>"; };
		56EB71AF1E9A68C200BA1A8C /* BasketAfterPaymentViewController.swift */ = {isa = PBXFileReference; fileEncoding = 4; lastKnownFileType = sourcecode.swift; path = BasketAfterPaymentViewController.swift; sourceTree = "<group>"; };
		56EB71B01E9A68C200BA1A8C /* BasketViewController.swift */ = {isa = PBXFileReference; fileEncoding = 4; lastKnownFileType = sourcecode.swift; path = BasketViewController.swift; sourceTree = "<group>"; };
		56EB71B41E9A68DE00BA1A8C /* CategoryTableViewCell.swift */ = {isa = PBXFileReference; fileEncoding = 4; lastKnownFileType = sourcecode.swift; path = CategoryTableViewCell.swift; sourceTree = "<group>"; };
		56EB71B51E9A68DE00BA1A8C /* CategoryViewController.swift */ = {isa = PBXFileReference; fileEncoding = 4; lastKnownFileType = sourcecode.swift; path = CategoryViewController.swift; sourceTree = "<group>"; };
		56EB71B91E9A68F300BA1A8C /* CheckViewController.swift */ = {isa = PBXFileReference; fileEncoding = 4; lastKnownFileType = sourcecode.swift; path = CheckViewController.swift; sourceTree = "<group>"; };
		56EB71BC1E9A690B00BA1A8C /* DetailsProductViewController.swift */ = {isa = PBXFileReference; fileEncoding = 4; lastKnownFileType = sourcecode.swift; path = DetailsProductViewController.swift; sourceTree = "<group>"; };
		56EB71BF1E9A692000BA1A8C /* DrawingUpOfAnOrderViewController.swift */ = {isa = PBXFileReference; fileEncoding = 4; lastKnownFileType = sourcecode.swift; path = DrawingUpOfAnOrderViewController.swift; sourceTree = "<group>"; };
		56EB71C21E9A693C00BA1A8C /* FavoriteProductsViewController.swift */ = {isa = PBXFileReference; fileEncoding = 4; lastKnownFileType = sourcecode.swift; path = FavoriteProductsViewController.swift; sourceTree = "<group>"; };
		56EB71C51E9A696100BA1A8C /* ListOfProductsByWeightTableViewCell.swift */ = {isa = PBXFileReference; fileEncoding = 4; lastKnownFileType = sourcecode.swift; path = ListOfProductsByWeightTableViewCell.swift; sourceTree = "<group>"; };
		56EB71C61E9A696100BA1A8C /* ListOfProductsByWeightViewController.swift */ = {isa = PBXFileReference; fileEncoding = 4; lastKnownFileType = sourcecode.swift; path = ListOfProductsByWeightViewController.swift; sourceTree = "<group>"; };
		56EB71CA1E9A697800BA1A8C /* ContainerViewCntroller.swift */ = {isa = PBXFileReference; fileEncoding = 4; lastKnownFileType = sourcecode.swift; path = ContainerViewCntroller.swift; sourceTree = "<group>"; };
		56EB71CB1E9A697800BA1A8C /* MainTableViewCell.swift */ = {isa = PBXFileReference; fileEncoding = 4; lastKnownFileType = sourcecode.swift; path = MainTableViewCell.swift; sourceTree = "<group>"; };
		56EB71CC1E9A697800BA1A8C /* MainViewController.swift */ = {isa = PBXFileReference; fileEncoding = 4; lastKnownFileType = sourcecode.swift; path = MainViewController.swift; sourceTree = "<group>"; };
		56EB71D11E9A699600BA1A8C /* PaymentViewController.swift */ = {isa = PBXFileReference; fileEncoding = 4; lastKnownFileType = sourcecode.swift; path = PaymentViewController.swift; sourceTree = "<group>"; };
		56EB71D41E9A69B200BA1A8C /* SearchViewController.swift */ = {isa = PBXFileReference; fileEncoding = 4; lastKnownFileType = sourcecode.swift; path = SearchViewController.swift; sourceTree = "<group>"; };
		56EB71D71E9A69CE00BA1A8C /* WeightCollectionViewCell.swift */ = {isa = PBXFileReference; fileEncoding = 4; lastKnownFileType = sourcecode.swift; path = WeightCollectionViewCell.swift; sourceTree = "<group>"; };
		56EB71D81E9A69CE00BA1A8C /* WeightViewController.swift */ = {isa = PBXFileReference; fileEncoding = 4; lastKnownFileType = sourcecode.swift; path = WeightViewController.swift; sourceTree = "<group>"; };
		5A1DC0844F1F6130ADD6317B /* Pods_BezPaketov.framework */ = {isa = PBXFileReference; explicitFileType = wrapper.framework; includeInIndex = 0; path = Pods_BezPaketov.framework; sourceTree = BUILT_PRODUCTS_DIR; };
		BAF2BCA138DAD1575C23EAB7 /* Pods-BezPaketov.debug.xcconfig */ = {isa = PBXFileReference; includeInIndex = 1; lastKnownFileType = text.xcconfig; name = "Pods-BezPaketov.debug.xcconfig"; path = "Pods/Target Support Files/Pods-BezPaketov/Pods-BezPaketov.debug.xcconfig"; sourceTree = "<group>"; };
/* End PBXFileReference section */

/* Begin PBXFrameworksBuildPhase section */
		56EB711D1E9A5C5400BA1A8C /* Frameworks */ = {
			isa = PBXFrameworksBuildPhase;
			buildActionMask = 2147483647;
			files = (
				A641E0708A9E9E978CDC7384 /* Pods_BezPaketov.framework in Frameworks */,
			);
			runOnlyForDeploymentPostprocessing = 0;
		};
/* End PBXFrameworksBuildPhase section */

/* Begin PBXGroup section */
		06BA21DCAB4D94C5D67DFEDD /* Frameworks */ = {
			isa = PBXGroup;
			children = (
				5A1DC0844F1F6130ADD6317B /* Pods_BezPaketov.framework */,
			);
			name = Frameworks;
			sourceTree = "<group>";
		};
		56EB71171E9A5C5300BA1A8C = {
			isa = PBXGroup;
			children = (
				56EB71221E9A5C5400BA1A8C /* BezPaketov */,
				56EB713C1E9A5FAC00BA1A8C /* Slim */,
				56EB71211E9A5C5400BA1A8C /* Products */,
				8F8C5847425E978959F5027A /* Pods */,
				06BA21DCAB4D94C5D67DFEDD /* Frameworks */,
			);
			sourceTree = "<group>";
		};
		56EB71211E9A5C5400BA1A8C /* Products */ = {
			isa = PBXGroup;
			children = (
				56EB71201E9A5C5400BA1A8C /* BezPaketov.app */,
			);
			name = Products;
			sourceTree = "<group>";
		};
		56EB71221E9A5C5400BA1A8C /* BezPaketov */ = {
			isa = PBXGroup;
			children = (
				56EB71491E9A624000BA1A8C /* iTunesArtwork */,
				56EB71361E9A5F6900BA1A8C /* AppDelegate.swift */,
				56EB71471E9A622E00BA1A8C /* Constants.swift */,
				56EB714D1E9A626D00BA1A8C /* NetworkReachabilityManager.swift */,
				56EB714E1E9A626D00BA1A8C /* ProgressHUD.swift */,
				56EB71381E9A5F7800BA1A8C /* Main.storyboard */,
				56EB71391E9A5F7800BA1A8C /* SignUp.storyboard */,
				56EB712C1E9A5C5400BA1A8C /* LaunchScreen.storyboard */,
				56EB71591E9A63B800BA1A8C /* GoogleService-Info.plist */,
				56EB712F1E9A5C5400BA1A8C /* Info.plist */,
				56EB71351E9A5F6800BA1A8C /* BezPaketov-Bridging-Header.h */,
				56EB714B1E9A624E00BA1A8C /* BezPaketov.ttf */,
				56EB71451E9A621E00BA1A8C /* Assets.xcassets */,
				56EB715B1E9A653400BA1A8C /* Extension */,
				56EB71811E9A659800BA1A8C /* Model */,
				56EB71761E9A656200BA1A8C /* View */,
				56EB718C1E9A65C500BA1A8C /* ViewControllers */,
			);
			path = BezPaketov;
			sourceTree = "<group>";
		};
		56EB713C1E9A5FAC00BA1A8C /* Slim */ = {
			isa = PBXGroup;
			children = (
				56EB713D1E9A5FC800BA1A8C /* SlimLogger.swift */,
				56EB713E1E9A5FC800BA1A8C /* SlimLoggerConfig.swift */,
				56EB713F1E9A5FC800BA1A8C /* SlimLogglyDestination.swift */,
				56EB71401E9A5FC800BA1A8C /* SlimLogglyDestinationConfig.swift */,
			);
			path = Slim;
			sourceTree = "<group>";
		};
		56EB715B1E9A653400BA1A8C /* Extension */ = {
			isa = PBXGroup;
			children = (
				56EB715C1E9A654600BA1A8C /* APIRequest.swift */,
				56EB715D1E9A654600BA1A8C /* BezierPath+Ext.swift */,
				56EB715E1E9A654600BA1A8C /* Dispatch.swift */,
				56EB715F1E9A654600BA1A8C /* GenericCollections+Ext.swift */,
				56EB71601E9A654600BA1A8C /* Keyboard.swift */,
				56EB71611E9A654600BA1A8C /* LayoutPrioritazer.swift */,
				56EB71621E9A654600BA1A8C /* Logger.swift */,
				56EB71631E9A654600BA1A8C /* Notifier.swift */,
				56EB71641E9A654600BA1A8C /* Storyboard+Ext.swift */,
				56EB71651E9A654600BA1A8C /* String+Ext.swift */,
				56EB71661E9A654600BA1A8C /* UIAlertController+Ext.swift */,
				56EB71671E9A654600BA1A8C /* UIColor+Ext.swift */,
				56EB71681E9A654600BA1A8C /* View+Ext.swift */,
			);
			path = Extension;
			sourceTree = "<group>";
		};
		56EB71761E9A656200BA1A8C /* View */ = {
			isa = PBXGroup;
			children = (
				56EB71771E9A658000BA1A8C /* Button.swift */,
				56EB71781E9A658000BA1A8C /* ConfirmView.swift */,
				56EB71791E9A658000BA1A8C /* Label.swift */,
				56EB717A1E9A658000BA1A8C /* SegmentControl.swift */,
				56EB717B1E9A658000BA1A8C /* TextField.swift */,
			);
			path = View;
			sourceTree = "<group>";
		};
		56EB71811E9A659800BA1A8C /* Model */ = {
			isa = PBXGroup;
			children = (
				56EB71821E9A65A700BA1A8C /* Category.swift */,
				56EB71831E9A65A700BA1A8C /* InfoAboutUserForOrder.swift */,
				56EB71841E9A65A700BA1A8C /* Product.swift */,
				56EB71851E9A65A700BA1A8C /* ProductsForRealm.swift */,
				56EB71861E9A65A700BA1A8C /* User.swift */,
			);
			path = Model;
			sourceTree = "<group>";
		};
		56EB718C1E9A65C500BA1A8C /* ViewControllers */ = {
			isa = PBXGroup;
			children = (
				56EB71A91E9A686800BA1A8C /* BaseViewController */,
				56EB71C91E9A696D00BA1A8C /* MainViewController */,
				56EB71B31E9A68CB00BA1A8C /* CategoryViewController */,
				56EB71C41E9A695600BA1A8C /* ListOfProductsByWeightViewController */,
				56EB71D61E9A69BF00BA1A8C /* WeightViewController */,
				56EB71BB1E9A68FF00BA1A8C /* DetailsProductViewController */,
				56EB71C11E9A692F00BA1A8C /* FavoriteProductsViewController */,
				56EB71AE1E9A68AB00BA1A8C /* BasketViewController */,
				56EB71BE1E9A691500BA1A8C /* DrawingUpOfAnOrderVC */,
				56EB71D01E9A698400BA1A8C /* PaymentViewController */,
				56EB71B81E9A68E900BA1A8C /* CheckViewController */,
				56EB71D31E9A69A500BA1A8C /* SearchViewController */,
			);
			name = ViewControllers;
			sourceTree = "<group>";
		};
		56EB71A91E9A686800BA1A8C /* BaseViewController */ = {
			isa = PBXGroup;
			children = (
				56EB71AA1E9A687600BA1A8C /* BaseLoginViewController.swift */,
				56EB71AB1E9A687600BA1A8C /* BaseViewController.swift */,
			);
			name = BaseViewController;
			path = "View Controllers/BaseViewController";
			sourceTree = "<group>";
		};
		56EB71AE1E9A68AB00BA1A8C /* BasketViewController */ = {
			isa = PBXGroup;
			children = (
				56EB71AF1E9A68C200BA1A8C /* BasketAfterPaymentViewController.swift */,
				56EB71B01E9A68C200BA1A8C /* BasketViewController.swift */,
			);
			name = BasketViewController;
			path = "View Controllers/BaseViewController";
			sourceTree = "<group>";
		};
		56EB71B31E9A68CB00BA1A8C /* CategoryViewController */ = {
			isa = PBXGroup;
			children = (
				56EB71B41E9A68DE00BA1A8C /* CategoryTableViewCell.swift */,
				56EB71B51E9A68DE00BA1A8C /* CategoryViewController.swift */,
			);
			name = CategoryViewController;
			path = "View Controllers/BaseViewController";
			sourceTree = "<group>";
		};
		56EB71B81E9A68E900BA1A8C /* CheckViewController */ = {
			isa = PBXGroup;
			children = (
				56EB71B91E9A68F300BA1A8C /* CheckViewController.swift */,
			);
			name = CheckViewController;
			path = "View Controllers/BaseViewController";
			sourceTree = "<group>";
		};
		56EB71BB1E9A68FF00BA1A8C /* DetailsProductViewController */ = {
			isa = PBXGroup;
			children = (
				56EB71BC1E9A690B00BA1A8C /* DetailsProductViewController.swift */,
			);
			name = DetailsProductViewController;
			path = "View Controllers/BaseViewController";
			sourceTree = "<group>";
		};
		56EB71BE1E9A691500BA1A8C /* DrawingUpOfAnOrderVC */ = {
			isa = PBXGroup;
			children = (
				56EB71BF1E9A692000BA1A8C /* DrawingUpOfAnOrderViewController.swift */,
			);
			name = DrawingUpOfAnOrderVC;
			path = "View Controllers/BaseViewController";
			sourceTree = "<group>";
		};
		56EB71C11E9A692F00BA1A8C /* FavoriteProductsViewController */ = {
			isa = PBXGroup;
			children = (
				56EB71C21E9A693C00BA1A8C /* FavoriteProductsViewController.swift */,
			);
			name = FavoriteProductsViewController;
			path = "View Controllers/BaseViewController";
			sourceTree = "<group>";
		};
		56EB71C41E9A695600BA1A8C /* ListOfProductsByWeightViewController */ = {
			isa = PBXGroup;
			children = (
				56EB71C51E9A696100BA1A8C /* ListOfProductsByWeightTableViewCell.swift */,
				56EB71C61E9A696100BA1A8C /* ListOfProductsByWeightViewController.swift */,
			);
			name = ListOfProductsByWeightViewController;
			path = "View Controllers/BaseViewController";
			sourceTree = "<group>";
		};
		56EB71C91E9A696D00BA1A8C /* MainViewController */ = {
			isa = PBXGroup;
			children = (
				56EB71CA1E9A697800BA1A8C /* ContainerViewCntroller.swift */,
				56EB71CB1E9A697800BA1A8C /* MainTableViewCell.swift */,
				56EB71CC1E9A697800BA1A8C /* MainViewController.swift */,
			);
			name = MainViewController;
			path = "View Controllers/BaseViewController";
			sourceTree = "<group>";
		};
		56EB71D01E9A698400BA1A8C /* PaymentViewController */ = {
			isa = PBXGroup;
			children = (
				56EB71D11E9A699600BA1A8C /* PaymentViewController.swift */,
			);
			name = PaymentViewController;
			path = "View Controllers/BaseViewController";
			sourceTree = "<group>";
		};
		56EB71D31E9A69A500BA1A8C /* SearchViewController */ = {
			isa = PBXGroup;
			children = (
				56EB71D41E9A69B200BA1A8C /* SearchViewController.swift */,
			);
			name = SearchViewController;
			path = "View Controllers/BaseViewController";
			sourceTree = "<group>";
		};
		56EB71D61E9A69BF00BA1A8C /* WeightViewController */ = {
			isa = PBXGroup;
			children = (
				56EB71D71E9A69CE00BA1A8C /* WeightCollectionViewCell.swift */,
				56EB71D81E9A69CE00BA1A8C /* WeightViewController.swift */,
			);
			name = WeightViewController;
			path = "View Controllers/BaseViewController";
			sourceTree = "<group>";
		};
		8F8C5847425E978959F5027A /* Pods */ = {
			isa = PBXGroup;
			children = (
				BAF2BCA138DAD1575C23EAB7 /* Pods-BezPaketov.debug.xcconfig */,
				4B90176B5D9D008A0039DAF5 /* Pods-BezPaketov.release.xcconfig */,
			);
			name = Pods;
			sourceTree = "<group>";
		};
/* End PBXGroup section */

/* Begin PBXNativeTarget section */
		56EB711F1E9A5C5400BA1A8C /* BezPaketov */ = {
			isa = PBXNativeTarget;
			buildConfigurationList = 56EB71321E9A5C5400BA1A8C /* Build configuration list for PBXNativeTarget "BezPaketov" */;
			buildPhases = (
				11CEEF4099983831E298D203 /* [CP] Check Pods Manifest.lock */,
				56EB711C1E9A5C5400BA1A8C /* Sources */,
				56EB711D1E9A5C5400BA1A8C /* Frameworks */,
				56EB711E1E9A5C5400BA1A8C /* Resources */,
				F7954F13FB75C6FBDD76C8D9 /* [CP] Embed Pods Frameworks */,
				1899698743E79A25DBEF3BEE /* [CP] Copy Pods Resources */,
			);
			buildRules = (
			);
			dependencies = (
			);
			name = BezPaketov;
			productName = BezPaketov;
			productReference = 56EB71201E9A5C5400BA1A8C /* BezPaketov.app */;
			productType = "com.apple.product-type.application";
		};
/* End PBXNativeTarget section */

/* Begin PBXProject section */
		56EB71181E9A5C5300BA1A8C /* Project object */ = {
			isa = PBXProject;
			attributes = {
				LastSwiftUpdateCheck = 0820;
				LastUpgradeCheck = 0820;
				ORGANIZATIONNAME = "Yura Granchenko";
				TargetAttributes = {
					56EB711F1E9A5C5400BA1A8C = {
						CreatedOnToolsVersion = 8.2.1;
						DevelopmentTeam = 224SJKKLQ3;
						LastSwiftMigration = 0820;
						ProvisioningStyle = Manual;
					};
				};
			};
			buildConfigurationList = 56EB711B1E9A5C5300BA1A8C /* Build configuration list for PBXProject "BezPaketov" */;
			compatibilityVersion = "Xcode 3.2";
			developmentRegion = English;
			hasScannedForEncodings = 0;
			knownRegions = (
				en,
				Base,
			);
			mainGroup = 56EB71171E9A5C5300BA1A8C;
			productRefGroup = 56EB71211E9A5C5400BA1A8C /* Products */;
			projectDirPath = "";
			projectRoot = "";
			targets = (
				56EB711F1E9A5C5400BA1A8C /* BezPaketov */,
			);
		};
/* End PBXProject section */

/* Begin PBXResourcesBuildPhase section */
		56EB711E1E9A5C5400BA1A8C /* Resources */ = {
			isa = PBXResourcesBuildPhase;
			buildActionMask = 2147483647;
			files = (
				56EB714C1E9A624E00BA1A8C /* BezPaketov.ttf in Resources */,
				56EB713A1E9A5F7800BA1A8C /* Main.storyboard in Resources */,
				56EB712E1E9A5C5400BA1A8C /* LaunchScreen.storyboard in Resources */,
				56EB71461E9A621E00BA1A8C /* Assets.xcassets in Resources */,
				56EB714A1E9A624000BA1A8C /* iTunesArtwork in Resources */,
				56EB715A1E9A63B800BA1A8C /* GoogleService-Info.plist in Resources */,
				56EB713B1E9A5F7800BA1A8C /* SignUp.storyboard in Resources */,
			);
			runOnlyForDeploymentPostprocessing = 0;
		};
/* End PBXResourcesBuildPhase section */

/* Begin PBXShellScriptBuildPhase section */
		11CEEF4099983831E298D203 /* [CP] Check Pods Manifest.lock */ = {
			isa = PBXShellScriptBuildPhase;
			buildActionMask = 2147483647;
			files = (
			);
			inputPaths = (
			);
			name = "[CP] Check Pods Manifest.lock";
			outputPaths = (
			);
			runOnlyForDeploymentPostprocessing = 0;
			shellPath = /bin/sh;
			shellScript = "diff \"${PODS_ROOT}/../Podfile.lock\" \"${PODS_ROOT}/Manifest.lock\" > /dev/null\nif [ $? != 0 ] ; then\n    # print error to STDERR\n    echo \"error: The sandbox is not in sync with the Podfile.lock. Run 'pod install' or update your CocoaPods installation.\" >&2\n    exit 1\nfi\n";
			showEnvVarsInLog = 0;
		};
		1899698743E79A25DBEF3BEE /* [CP] Copy Pods Resources */ = {
			isa = PBXShellScriptBuildPhase;
			buildActionMask = 2147483647;
			files = (
			);
			inputPaths = (
			);
			name = "[CP] Copy Pods Resources";
			outputPaths = (
			);
			runOnlyForDeploymentPostprocessing = 0;
			shellPath = /bin/sh;
			shellScript = "\"${SRCROOT}/Pods/Target Support Files/Pods-BezPaketov/Pods-BezPaketov-resources.sh\"\n";
			showEnvVarsInLog = 0;
		};
		F7954F13FB75C6FBDD76C8D9 /* [CP] Embed Pods Frameworks */ = {
			isa = PBXShellScriptBuildPhase;
			buildActionMask = 2147483647;
			files = (
			);
			inputPaths = (
			);
			name = "[CP] Embed Pods Frameworks";
			outputPaths = (
			);
			runOnlyForDeploymentPostprocessing = 0;
			shellPath = /bin/sh;
			shellScript = "\"${SRCROOT}/Pods/Target Support Files/Pods-BezPaketov/Pods-BezPaketov-frameworks.sh\"\n";
			showEnvVarsInLog = 0;
		};
/* End PBXShellScriptBuildPhase section */

/* Begin PBXSourcesBuildPhase section */
		56EB711C1E9A5C5400BA1A8C /* Sources */ = {
			isa = PBXSourcesBuildPhase;
			buildActionMask = 2147483647;
			files = (
				56EB71721E9A654600BA1A8C /* String+Ext.swift in Sources */,
				56EB71CF1E9A697800BA1A8C /* MainViewController.swift in Sources */,
				56EB714F1E9A626D00BA1A8C /* NetworkReachabilityManager.swift in Sources */,
				56EB71CD1E9A697800BA1A8C /* ContainerViewCntroller.swift in Sources */,
				56EB71AD1E9A687600BA1A8C /* BaseViewController.swift in Sources */,
				56EB71411E9A5FC800BA1A8C /* SlimLogger.swift in Sources */,
				56EB717D1E9A658000BA1A8C /* ConfirmView.swift in Sources */,
				56EB718B1E9A65A700BA1A8C /* User.swift in Sources */,
				56EB717F1E9A658000BA1A8C /* SegmentControl.swift in Sources */,
				56EB71801E9A658000BA1A8C /* TextField.swift in Sources */,
				56EB71501E9A626D00BA1A8C /* ProgressHUD.swift in Sources */,
				56EB71731E9A654600BA1A8C /* UIAlertController+Ext.swift in Sources */,
				56EB71441E9A5FC800BA1A8C /* SlimLogglyDestinationConfig.swift in Sources */,
				56EB718A1E9A65A700BA1A8C /* ProductsForRealm.swift in Sources */,
				56EB71DA1E9A69CE00BA1A8C /* WeightViewController.swift in Sources */,
				56EB71AC1E9A687600BA1A8C /* BaseLoginViewController.swift in Sources */,
				56EB71371E9A5F6900BA1A8C /* AppDelegate.swift in Sources */,
				56EB716D1E9A654600BA1A8C /* Keyboard.swift in Sources */,
				56EB71C71E9A696100BA1A8C /* ListOfProductsByWeightTableViewCell.swift in Sources */,
				56EB71881E9A65A700BA1A8C /* InfoAboutUserForOrder.swift in Sources */,
				56EB71C31E9A693C00BA1A8C /* FavoriteProductsViewController.swift in Sources */,
				56EB71CE1E9A697800BA1A8C /* MainTableViewCell.swift in Sources */,
				56EB71D21E9A699600BA1A8C /* PaymentViewController.swift in Sources */,
				56EB716A1E9A654600BA1A8C /* BezierPath+Ext.swift in Sources */,
				56EB71C01E9A692000BA1A8C /* DrawingUpOfAnOrderViewController.swift in Sources */,
				56EB716E1E9A654600BA1A8C /* LayoutPrioritazer.swift in Sources */,
				56EB71421E9A5FC800BA1A8C /* SlimLoggerConfig.swift in Sources */,
				56EB71891E9A65A700BA1A8C /* Product.swift in Sources */,
				56EB71701E9A654600BA1A8C /* Notifier.swift in Sources */,
				56EB716C1E9A654600BA1A8C /* GenericCollections+Ext.swift in Sources */,
				56EB71B11E9A68C200BA1A8C /* BasketAfterPaymentViewController.swift in Sources */,
				56EB717E1E9A658000BA1A8C /* Label.swift in Sources */,
				56EB716F1E9A654600BA1A8C /* Logger.swift in Sources */,
				56EB71751E9A654600BA1A8C /* View+Ext.swift in Sources */,
				56EB716B1E9A654600BA1A8C /* Dispatch.swift in Sources */,
				56EB71711E9A654600BA1A8C /* Storyboard+Ext.swift in Sources */,
				56EB71431E9A5FC800BA1A8C /* SlimLogglyDestination.swift in Sources */,
				56EB71C81E9A696100BA1A8C /* ListOfProductsByWeightViewController.swift in Sources */,
				56EB71BA1E9A68F300BA1A8C /* CheckViewController.swift in Sources */,
				56EB71741E9A654600BA1A8C /* UIColor+Ext.swift in Sources */,
				56EB71B21E9A68C200BA1A8C /* BasketViewController.swift in Sources */,
				56EB71871E9A65A700BA1A8C /* Category.swift in Sources */,
				56EB71691E9A654600BA1A8C /* APIRequest.swift in Sources */,
				56EB71D51E9A69B200BA1A8C /* SearchViewController.swift in Sources */,
				56EB71D91E9A69CE00BA1A8C /* WeightCollectionViewCell.swift in Sources */,
				56EB71BD1E9A690B00BA1A8C /* DetailsProductViewController.swift in Sources */,
				56EB71B71E9A68DE00BA1A8C /* CategoryViewController.swift in Sources */,
				56EB71481E9A622E00BA1A8C /* Constants.swift in Sources */,
				56EB717C1E9A658000BA1A8C /* Button.swift in Sources */,
				56EB71B61E9A68DE00BA1A8C /* CategoryTableViewCell.swift in Sources */,
			);
			runOnlyForDeploymentPostprocessing = 0;
		};
/* End PBXSourcesBuildPhase section */

/* Begin PBXVariantGroup section */
		56EB712C1E9A5C5400BA1A8C /* LaunchScreen.storyboard */ = {
			isa = PBXVariantGroup;
			children = (
				56EB712D1E9A5C5400BA1A8C /* Base */,
			);
			name = LaunchScreen.storyboard;
			sourceTree = "<group>";
		};
/* End PBXVariantGroup section */

/* Begin XCBuildConfiguration section */
		56EB71301E9A5C5400BA1A8C /* Debug */ = {
			isa = XCBuildConfiguration;
			buildSettings = {
				ALWAYS_SEARCH_USER_PATHS = NO;
				CLANG_ANALYZER_NONNULL = YES;
				CLANG_CXX_LANGUAGE_STANDARD = "gnu++0x";
				CLANG_CXX_LIBRARY = "libc++";
				CLANG_ENABLE_MODULES = YES;
				CLANG_ENABLE_OBJC_ARC = YES;
				CLANG_WARN_BOOL_CONVERSION = YES;
				CLANG_WARN_CONSTANT_CONVERSION = YES;
				CLANG_WARN_DIRECT_OBJC_ISA_USAGE = YES_ERROR;
				CLANG_WARN_DOCUMENTATION_COMMENTS = YES;
				CLANG_WARN_EMPTY_BODY = YES;
				CLANG_WARN_ENUM_CONVERSION = YES;
				CLANG_WARN_INFINITE_RECURSION = YES;
				CLANG_WARN_INT_CONVERSION = YES;
				CLANG_WARN_OBJC_ROOT_CLASS = YES_ERROR;
				CLANG_WARN_SUSPICIOUS_MOVE = YES;
				CLANG_WARN_UNREACHABLE_CODE = YES;
				CLANG_WARN__DUPLICATE_METHOD_MATCH = YES;
				"CODE_SIGN_IDENTITY[sdk=iphoneos*]" = "iPhone Developer";
				COPY_PHASE_STRIP = NO;
				DEBUG_INFORMATION_FORMAT = dwarf;
				ENABLE_STRICT_OBJC_MSGSEND = YES;
				ENABLE_TESTABILITY = YES;
				GCC_C_LANGUAGE_STANDARD = gnu99;
				GCC_DYNAMIC_NO_PIC = NO;
				GCC_NO_COMMON_BLOCKS = YES;
				GCC_OPTIMIZATION_LEVEL = 0;
				GCC_PREPROCESSOR_DEFINITIONS = (
					"DEBUG=1",
					"$(inherited)",
				);
				GCC_WARN_64_TO_32_BIT_CONVERSION = YES;
				GCC_WARN_ABOUT_RETURN_TYPE = YES_ERROR;
				GCC_WARN_UNDECLARED_SELECTOR = YES;
				GCC_WARN_UNINITIALIZED_AUTOS = YES_AGGRESSIVE;
				GCC_WARN_UNUSED_FUNCTION = YES;
				GCC_WARN_UNUSED_VARIABLE = YES;
				IPHONEOS_DEPLOYMENT_TARGET = 10.2;
				MTL_ENABLE_DEBUG_INFO = YES;
				ONLY_ACTIVE_ARCH = YES;
				SDKROOT = iphoneos;
				SWIFT_ACTIVE_COMPILATION_CONDITIONS = DEBUG;
				SWIFT_OPTIMIZATION_LEVEL = "-Onone";
			};
			name = Debug;
		};
		56EB71311E9A5C5400BA1A8C /* Release */ = {
			isa = XCBuildConfiguration;
			buildSettings = {
				ALWAYS_SEARCH_USER_PATHS = NO;
				CLANG_ANALYZER_NONNULL = YES;
				CLANG_CXX_LANGUAGE_STANDARD = "gnu++0x";
				CLANG_CXX_LIBRARY = "libc++";
				CLANG_ENABLE_MODULES = YES;
				CLANG_ENABLE_OBJC_ARC = YES;
				CLANG_WARN_BOOL_CONVERSION = YES;
				CLANG_WARN_CONSTANT_CONVERSION = YES;
				CLANG_WARN_DIRECT_OBJC_ISA_USAGE = YES_ERROR;
				CLANG_WARN_DOCUMENTATION_COMMENTS = YES;
				CLANG_WARN_EMPTY_BODY = YES;
				CLANG_WARN_ENUM_CONVERSION = YES;
				CLANG_WARN_INFINITE_RECURSION = YES;
				CLANG_WARN_INT_CONVERSION = YES;
				CLANG_WARN_OBJC_ROOT_CLASS = YES_ERROR;
				CLANG_WARN_SUSPICIOUS_MOVE = YES;
				CLANG_WARN_UNREACHABLE_CODE = YES;
				CLANG_WARN__DUPLICATE_METHOD_MATCH = YES;
				"CODE_SIGN_IDENTITY[sdk=iphoneos*]" = "iPhone Developer";
				COPY_PHASE_STRIP = NO;
				DEBUG_INFORMATION_FORMAT = "dwarf-with-dsym";
				ENABLE_NS_ASSERTIONS = NO;
				ENABLE_STRICT_OBJC_MSGSEND = YES;
				GCC_C_LANGUAGE_STANDARD = gnu99;
				GCC_NO_COMMON_BLOCKS = YES;
				GCC_WARN_64_TO_32_BIT_CONVERSION = YES;
				GCC_WARN_ABOUT_RETURN_TYPE = YES_ERROR;
				GCC_WARN_UNDECLARED_SELECTOR = YES;
				GCC_WARN_UNINITIALIZED_AUTOS = YES_AGGRESSIVE;
				GCC_WARN_UNUSED_FUNCTION = YES;
				GCC_WARN_UNUSED_VARIABLE = YES;
				IPHONEOS_DEPLOYMENT_TARGET = 10.2;
				MTL_ENABLE_DEBUG_INFO = NO;
				SDKROOT = iphoneos;
				SWIFT_OPTIMIZATION_LEVEL = "-Owholemodule";
				VALIDATE_PRODUCT = YES;
			};
			name = Release;
		};
		56EB71331E9A5C5400BA1A8C /* Debug */ = {
			isa = XCBuildConfiguration;
			baseConfigurationReference = BAF2BCA138DAD1575C23EAB7 /* Pods-BezPaketov.debug.xcconfig */;
			buildSettings = {
				ASSETCATALOG_COMPILER_APPICON_NAME = AppIcon;
				CLANG_ENABLE_MODULES = YES;
				"CODE_SIGN_IDENTITY[sdk=iphoneos*]" = "iPhone Distribution";
				DEVELOPMENT_TEAM = 224SJKKLQ3;
				INFOPLIST_FILE = BezPaketov/Info.plist;
				LD_RUNPATH_SEARCH_PATHS = "$(inherited) @executable_path/Frameworks";
				PRODUCT_BUNDLE_IDENTIFIER = com.yuraGranchenko.BezPaketov;
				PRODUCT_NAME = "$(TARGET_NAME)";
				PROVISIONING_PROFILE = "9122513f-efde-4c64-a3f4-af8a748ec822";
				PROVISIONING_PROFILE_SPECIFIER = BezPaketov_App_Store_Profile;
				SWIFT_OBJC_BRIDGING_HEADER = "BezPaketov/BezPaketov-Bridging-Header.h";
				SWIFT_OPTIMIZATION_LEVEL = "-Onone";
				SWIFT_VERSION = 3.0;
			};
			name = Debug;
		};
		56EB71341E9A5C5400BA1A8C /* Release */ = {
			isa = XCBuildConfiguration;
			baseConfigurationReference = 4B90176B5D9D008A0039DAF5 /* Pods-BezPaketov.release.xcconfig */;
			buildSettings = {
				ASSETCATALOG_COMPILER_APPICON_NAME = AppIcon;
				CLANG_ENABLE_MODULES = YES;
				"CODE_SIGN_IDENTITY[sdk=iphoneos*]" = "iPhone Distribution";
				DEVELOPMENT_TEAM = 224SJKKLQ3;
				INFOPLIST_FILE = BezPaketov/Info.plist;
				LD_RUNPATH_SEARCH_PATHS = "$(inherited) @executable_path/Frameworks";
				PRODUCT_BUNDLE_IDENTIFIER = com.yuraGranchenko.BezPaketov;
				PRODUCT_NAME = "$(TARGET_NAME)";
				PROVISIONING_PROFILE = "9122513f-efde-4c64-a3f4-af8a748ec822";
				PROVISIONING_PROFILE_SPECIFIER = BezPaketov_App_Store_Profile;
				SWIFT_OBJC_BRIDGING_HEADER = "BezPaketov/BezPaketov-Bridging-Header.h";
				SWIFT_VERSION = 3.0;
			};
			name = Release;
		};
/* End XCBuildConfiguration section */

/* Begin XCConfigurationList section */
		56EB711B1E9A5C5300BA1A8C /* Build configuration list for PBXProject "BezPaketov" */ = {
			isa = XCConfigurationList;
			buildConfigurations = (
				56EB71301E9A5C5400BA1A8C /* Debug */,
				56EB71311E9A5C5400BA1A8C /* Release */,
			);
			defaultConfigurationIsVisible = 0;
			defaultConfigurationName = Release;
		};
		56EB71321E9A5C5400BA1A8C /* Build configuration list for PBXNativeTarget "BezPaketov" */ = {
			isa = XCConfigurationList;
			buildConfigurations = (
				56EB71331E9A5C5400BA1A8C /* Debug */,
				56EB71341E9A5C5400BA1A8C /* Release */,
			);
			defaultConfigurationIsVisible = 0;
			defaultConfigurationName = Release;
		};
/* End XCConfigurationList section */
	};
	rootObject = 56EB71181E9A5C5300BA1A8C /* Project object */;
}
